
Microsoft Visual Studio Solution File, Format Version 12.00
# Visual Studio Version 16
VisualStudioVersion = 16.0.34031.81
MinimumVisualStudioVersion = 10.0.40219.1
Project("{FAE04EC0-301F-11D3-BF4B-00C04F79EFBC}") = "Chuong1_QuanLyCD", "Chuong1_QuanLyCD\Chuong1_QuanLyCD.csproj", "{162B0A41-6616-4591-9A7D-252429ACDD38}"
EndProject
Global
	GlobalSection(SolutionConfigurationPlatforms) = preSolution
		Debug|Any CPU = Debug|Any CPU
		Release|Any CPU = Release|Any CPU
	EndGlobalSection
	GlobalSection(ProjectConfigurationPlatforms) = postSolution
		{162B0A41-6616-4591-9A7D-252429ACDD38}.Debug|Any CPU.ActiveCfg = Debug|Any CPU
		{162B0A41-6616-4591-9A7D-252429ACDD38}.Debug|Any CPU.Build.0 = Debug|Any CPU
		{162B0A41-6616-4591-9A7D-252429ACDD38}.Release|Any CPU.ActiveCfg = Release|Any CPU
		{162B0A41-6616-4591-9A7D-252429ACDD38}.Release|Any CPU.Build.0 = Release|Any CPU
	EndGlobalSection
	GlobalSection(SolutionProperties) = preSolution
		HideSolutionNode = FALSE
	EndGlobalSection
	GlobalSection(ExtensibilityGlobals) = postSolution
		SolutionGuid = {77E1F25D-2760-492B-81E8-93DE41DE5F44}
	EndGlobalSection
EndGlobal
